
Microsoft Visual Studio Solution File, Format Version 12.00
Project("{FAE04EC0-301F-11D3-BF4B-00C04F79EFBC}") = "AsyncTest", "AsyncTest.csproj", "{9B9FDC4C-4DFA-4699-A8BA-0490C822A643}"
EndProject
Global
	GlobalSection(SolutionConfigurationPlatforms) = preSolution
		Debug|Any CPU = Debug|Any CPU
		Release|Any CPU = Release|Any CPU
	EndGlobalSection
	GlobalSection(ProjectConfigurationPlatforms) = postSolution
		{9B9FDC4C-4DFA-4699-A8BA-0490C822A643}.Debug|Any CPU.ActiveCfg = Debug|Any CPU
		{9B9FDC4C-4DFA-4699-A8BA-0490C822A643}.Debug|Any CPU.Build.0 = Debug|Any CPU
		{9B9FDC4C-4DFA-4699-A8BA-0490C822A643}.Release|Any CPU.ActiveCfg = Release|Any CPU
		{9B9FDC4C-4DFA-4699-A8BA-0490C822A643}.Release|Any CPU.Build.0 = Release|Any CPU
	EndGlobalSection
EndGlobal
